// !$*UTF8*$!
{
	archiveVersion = 1;
	classes = {
	};
	objectVersion = 55;
	objects = {

/* Begin PBXBuildFile section */
		66BF01C618FC54A87C97CF1B /* libPods-CocoaPodsSubmodule.a in Frameworks */ = {isa = PBXBuildFile; fileRef = FB2F38C771C96CD73857FFA5 /* libPods-CocoaPodsSubmodule.a */; };
		83DEE0EF2783E0E000325C63 /* AppDelegate.m in Sources */ = {isa = PBXBuildFile; fileRef = 83DEE0EE2783E0E000325C63 /* AppDelegate.m */; };
		83DEE0F22783E0E000325C63 /* SceneDelegate.m in Sources */ = {isa = PBXBuildFile; fileRef = 83DEE0F12783E0E000325C63 /* SceneDelegate.m */; };
		83DEE0F52783E0E000325C63 /* ViewController.m in Sources */ = {isa = PBXBuildFile; fileRef = 83DEE0F42783E0E000325C63 /* ViewController.m */; };
		83DEE0F82783E0E000325C63 /* Main.storyboard in Resources */ = {isa = PBXBuildFile; fileRef = 83DEE0F62783E0E000325C63 /* Main.storyboard */; };
		83DEE0FA2783E0E100325C63 /* Assets.xcassets in Resources */ = {isa = PBXBuildFile; fileRef = 83DEE0F92783E0E100325C63 /* Assets.xcassets */; };
		83DEE0FD2783E0E100325C63 /* LaunchScreen.storyboard in Resources */ = {isa = PBXBuildFile; fileRef = 83DEE0FB2783E0E100325C63 /* LaunchScreen.storyboard */; };
		83DEE1002783E0E100325C63 /* main.m in Sources */ = {isa = PBXBuildFile; fileRef = 83DEE0FF2783E0E100325C63 /* main.m */; };
/* End PBXBuildFile section */

/* Begin PBXFileReference section */
		80E6DDEE7A10E49421003874 /* Pods-CocoaPodsSubmodule.release.xcconfig */ = {isa = PBXFileReference; includeInIndex = 1; lastKnownFileType = text.xcconfig; name = "Pods-CocoaPodsSubmodule.release.xcconfig"; path = "Target Support Files/Pods-CocoaPodsSubmodule/Pods-CocoaPodsSubmodule.release.xcconfig"; sourceTree = "<group>"; };
		83DEE0EA2783E0E000325C63 /* CocoaPodsSubmodule.app */ = {isa = PBXFileReference; explicitFileType = wrapper.application; includeInIndex = 0; path = CocoaPodsSubmodule.app; sourceTree = BUILT_PRODUCTS_DIR; };
		83DEE0ED2783E0E000325C63 /* AppDelegate.h */ = {isa = PBXFileReference; lastKnownFileType = sourcecode.c.h; path = AppDelegate.h; sourceTree = "<group>"; };
		83DEE0EE2783E0E000325C63 /* AppDelegate.m */ = {isa = PBXFileReference; lastKnownFileType = sourcecode.c.objc; path = AppDelegate.m; sourceTree = "<group>"; };
		83DEE0F02783E0E000325C63 /* SceneDelegate.h */ = {isa = PBXFileReference; lastKnownFileType = sourcecode.c.h; path = SceneDelegate.h; sourceTree = "<group>"; };
		83DEE0F12783E0E000325C63 /* SceneDelegate.m */ = {isa = PBXFileReference; lastKnownFileType = sourcecode.c.objc; path = SceneDelegate.m; sourceTree = "<group>"; };
		83DEE0F32783E0E000325C63 /* ViewController.h */ = {isa = PBXFileReference; lastKnownFileType = sourcecode.c.h; path = ViewController.h; sourceTree = "<group>"; };
		83DEE0F42783E0E000325C63 /* ViewController.m */ = {isa = PBXFileReference; lastKnownFileType = sourcecode.c.objc; path = ViewController.m; sourceTree = "<group>"; };
		83DEE0F72783E0E000325C63 /* Base */ = {isa = PBXFileReference; lastKnownFileType = file.storyboard; name = Base; path = Base.lproj/Main.storyboard; sourceTree = "<group>"; };
		83DEE0F92783E0E100325C63 /* Assets.xcassets */ = {isa = PBXFileReference; lastKnownFileType = folder.assetcatalog; path = Assets.xcassets; sourceTree = "<group>"; };
		83DEE0FC2783E0E100325C63 /* Base */ = {isa = PBXFileReference; lastKnownFileType = file.storyboard; name = Base; path = Base.lproj/LaunchScreen.storyboard; sourceTree = "<group>"; };
		83DEE0FE2783E0E100325C63 /* Info.plist */ = {isa = PBXFileReference; lastKnownFileType = text.plist.xml; path = Info.plist; sourceTree = "<group>"; };
		83DEE0FF2783E0E100325C63 /* main.m */ = {isa = PBXFileReference; lastKnownFileType = sourcecode.c.objc; path = main.m; sourceTree = "<group>"; };
		A208328E7890B25DE20E7223 /* Pods-CocoaPodsSubmodule.debug.xcconfig */ = {isa = PBXFileReference; includeInIndex = 1; lastKnownFileType = text.xcconfig; name = "Pods-CocoaPodsSubmodule.debug.xcconfig"; path = "Target Support Files/Pods-CocoaPodsSubmodule/Pods-CocoaPodsSubmodule.debug.xcconfig"; sourceTree = "<group>"; };
		FB2F38C771C96CD73857FFA5 /* libPods-CocoaPodsSubmodule.a */ = {isa = PBXFileReference; explicitFileType = archive.ar; includeInIndex = 0; path = "libPods-CocoaPodsSubmodule.a"; sourceTree = BUILT_PRODUCTS_DIR; };
/* End PBXFileReference section */

/* Begin PBXFrameworksBuildPhase section */
		83DEE0E72783E0E000325C63 /* Frameworks */ = {
			isa = PBXFrameworksBuildPhase;
			buildActionMask = 2147483647;
			files = (
				66BF01C618FC54A87C97CF1B /* libPods-CocoaPodsSubmodule.a in Frameworks */,
			);
			runOnlyForDeploymentPostprocessing = 0;
		};
/* End PBXFrameworksBuildPhase section */

/* Begin PBXGroup section */
		4740DB620BF49A134CBFD586 /* Frameworks */ = {
			isa = PBXGroup;
			children = (
				FB2F38C771C96CD73857FFA5 /* libPods-CocoaPodsSubmodule.a */,
			);
			name = Frameworks;
			sourceTree = "<group>";
		};
		83DEE0E12783E0E000325C63 = {
			isa = PBXGroup;
			children = (
				83DEE0EC2783E0E000325C63 /* CocoaPodsSubmodule */,
				83DEE0EB2783E0E000325C63 /* Products */,
				C108FF77D7CCC054C323AD50 /* Pods */,
				4740DB620BF49A134CBFD586 /* Frameworks */,
			);
			sourceTree = "<group>";
		};
		83DEE0EB2783E0E000325C63 /* Products */ = {
			isa = PBXGroup;
			children = (
				83DEE0EA2783E0E000325C63 /* CocoaPodsSubmodule.app */,
			);
			name = Products;
			sourceTree = "<group>";
		};
		83DEE0EC2783E0E000325C63 /* CocoaPodsSubmodule */ = {
			isa = PBXGroup;
			children = (
				83DEE0ED2783E0E000325C63 /* AppDelegate.h */,
				83DEE0EE2783E0E000325C63 /* AppDelegate.m */,
				83DEE0F02783E0E000325C63 /* SceneDelegate.h */,
				83DEE0F12783E0E000325C63 /* SceneDelegate.m */,
				83DEE0F32783E0E000325C63 /* ViewController.h */,
				83DEE0F42783E0E000325C63 /* ViewController.m */,
				83DEE0F62783E0E000325C63 /* Main.storyboard */,
				83DEE0F92783E0E100325C63 /* Assets.xcassets */,
				83DEE0FB2783E0E100325C63 /* LaunchScreen.storyboard */,
				83DEE0FE2783E0E100325C63 /* Info.plist */,
				83DEE0FF2783E0E100325C63 /* main.m */,
			);
			path = CocoaPodsSubmodule;
			sourceTree = "<group>";
		};
		C108FF77D7CCC054C323AD50 /* Pods */ = {
			isa = PBXGroup;
			children = (
				A208328E7890B25DE20E7223 /* Pods-CocoaPodsSubmodule.debug.xcconfig */,
				80E6DDEE7A10E49421003874 /* Pods-CocoaPodsSubmodule.release.xcconfig */,
			);
			name = Pods;
			path = Pods;
			sourceTree = "<group>";
		};
/* End PBXGroup section */

/* Begin PBXNativeTarget section */
		83DEE0E92783E0E000325C63 /* CocoaPodsSubmodule */ = {
			isa = PBXNativeTarget;
			buildConfigurationList = 83DEE1032783E0E100325C63 /* Build configuration list for PBXNativeTarget "CocoaPodsSubmodule" */;
			buildPhases = (
				FD704C52E435CB2E3FE74278 /* [CP] Check Pods Manifest.lock */,
				83DEE0E62783E0E000325C63 /* Sources */,
				83DEE0E72783E0E000325C63 /* Frameworks */,
				83DEE0E82783E0E000325C63 /* Resources */,
			);
			buildRules = (
			);
			dependencies = (
			);
			name = CocoaPodsSubmodule;
			productName = CocoaPodsSubmodule;
			productReference = 83DEE0EA2783E0E000325C63 /* CocoaPodsSubmodule.app */;
			productType = "com.apple.product-type.application";
		};
/* End PBXNativeTarget section */

/* Begin PBXProject section */
		83DEE0E22783E0E000325C63 /* Project object */ = {
			isa = PBXProject;
			attributes = {
				BuildIndependentTargetsInParallel = 1;
				LastUpgradeCheck = 1320;
				TargetAttributes = {
					83DEE0E92783E0E000325C63 = {
						CreatedOnToolsVersion = 13.2.1;
					};
				};
			};
			buildConfigurationList = 83DEE0E52783E0E000325C63 /* Build configuration list for PBXProject "CocoaPodsSubmodule" */;
			compatibilityVersion = "Xcode 13.0";
			developmentRegion = en;
			hasScannedForEncodings = 0;
			knownRegions = (
				en,
				Base,
			);
			mainGroup = 83DEE0E12783E0E000325C63;
			productRefGroup = 83DEE0EB2783E0E000325C63 /* Products */;
			projectDirPath = "";
			projectRoot = "";
			targets = (
				83DEE0E92783E0E000325C63 /* CocoaPodsSubmodule */,
			);
		};
/* End PBXProject section */

/* Begin PBXResourcesBuildPhase section */
		83DEE0E82783E0E000325C63 /* Resources */ = {
			isa = PBXResourcesBuildPhase;
			buildActionMask = 2147483647;
			files = (
				83DEE0FD2783E0E100325C63 /* LaunchScreen.storyboard in Resources */,
				83DEE0FA2783E0E100325C63 /* Assets.xcassets in Resources */,
				83DEE0F82783E0E000325C63 /* Main.storyboard in Resources */,
			);
			runOnlyForDeploymentPostprocessing = 0;
		};
/* End PBXResourcesBuildPhase section */

/* Begin PBXShellScriptBuildPhase section */
		FD704C52E435CB2E3FE74278 /* [CP] Check Pods Manifest.lock */ = {
			isa = PBXShellScriptBuildPhase;
			buildActionMask = 2147483647;
			files = (
			);
			inputFileListPaths = (
			);
			inputPaths = (
				"${PODS_PODFILE_DIR_PATH}/Podfile.lock",
				"${PODS_ROOT}/Manifest.lock",
			);
			name = "[CP] Check Pods Manifest.lock";
			outputFileListPaths = (
			);
			outputPaths = (
				"$(DERIVED_FILE_DIR)/Pods-CocoaPodsSubmodule-checkManifestLockResult.txt",
			);
			runOnlyForDeploymentPostprocessing = 0;
			shellPath = /bin/sh;
			shellScript = "diff \"${PODS_PODFILE_DIR_PATH}/Podfile.lock\" \"${PODS_ROOT}/Manifest.lock\" > /dev/null\nif [ $? != 0 ] ; then\n    # print error to STDERR\n    echo \"error: The sandbox is not in sync with the Podfile.lock. Run 'pod install' or update your CocoaPods installation.\" >&2\n    exit 1\nfi\n# This output is used by Xcode 'outputs' to avoid re-running this script phase.\necho \"SUCCESS\" > \"${SCRIPT_OUTPUT_FILE_0}\"\n";
			showEnvVarsInLog = 0;
		};
/* End PBXShellScriptBuildPhase section */

/* Begin PBXSourcesBuildPhase section */
		83DEE0E62783E0E000325C63 /* Sources */ = {
			isa = PBXSourcesBuildPhase;
			buildActionMask = 2147483647;
			files = (
				83DEE0F52783E0E000325C63 /* ViewController.m in Sources */,
				83DEE0EF2783E0E000325C63 /* AppDelegate.m in Sources */,
				83DEE1002783E0E100325C63 /* main.m in Sources */,
				83DEE0F22783E0E000325C63 /* SceneDelegate.m in Sources */,
			);
			runOnlyForDeploymentPostprocessing = 0;
		};
/* End PBXSourcesBuildPhase section */

/* Begin PBXVariantGroup section */
		83DEE0F62783E0E000325C63 /* Main.storyboard */ = {
			isa = PBXVariantGroup;
			children = (
				83DEE0F72783E0E000325C63 /* Base */,
			);
			name = Main.storyboard;
			sourceTree = "<group>";
		};
		83DEE0FB2783E0E100325C63 /* LaunchScreen.storyboard */ = {
			isa = PBXVariantGroup;
			children = (
				83DEE0FC2783E0E100325C63 /* Base */,
			);
			name = LaunchScreen.storyboard;
			sourceTree = "<group>";
		};
/* End PBXVariantGroup section */

/* Begin XCBuildConfiguration section */
		83DEE1012783E0E100325C63 /* Debug */ = {
			isa = XCBuildConfiguration;
			buildSettings = {
				ALWAYS_SEARCH_USER_PATHS = NO;
				CLANG_ANALYZER_NONNULL = YES;
				CLANG_ANALYZER_NUMBER_OBJECT_CONVERSION = YES_AGGRESSIVE;
				CLANG_CXX_LANGUAGE_STANDARD = "gnu++17";
				CLANG_CXX_LIBRARY = "libc++";
				CLANG_ENABLE_MODULES = YES;
				CLANG_ENABLE_OBJC_ARC = YES;
				CLANG_ENABLE_OBJC_WEAK = YES;
				CLANG_WARN_BLOCK_CAPTURE_AUTORELEASING = YES;
				CLANG_WARN_BOOL_CONVERSION = YES;
				CLANG_WARN_COMMA = YES;
				CLANG_WARN_CONSTANT_CONVERSION = YES;
				CLANG_WARN_DEPRECATED_OBJC_IMPLEMENTATIONS = YES;
				CLANG_WARN_DIRECT_OBJC_ISA_USAGE = YES_ERROR;
				CLANG_WARN_DOCUMENTATION_COMMENTS = YES;
				CLANG_WARN_EMPTY_BODY = YES;
				CLANG_WARN_ENUM_CONVERSION = YES;
				CLANG_WARN_INFINITE_RECURSION = YES;
				CLANG_WARN_INT_CONVERSION = YES;
				CLANG_WARN_NON_LITERAL_NULL_CONVERSION = YES;
				CLANG_WARN_OBJC_IMPLICIT_RETAIN_SELF = YES;
				CLANG_WARN_OBJC_LITERAL_CONVERSION = YES;
				CLANG_WARN_OBJC_ROOT_CLASS = YES_ERROR;
				CLANG_WARN_QUOTED_INCLUDE_IN_FRAMEWORK_HEADER = YES;
				CLANG_WARN_RANGE_LOOP_ANALYSIS = YES;
				CLANG_WARN_STRICT_PROTOTYPES = YES;
				CLANG_WARN_SUSPICIOUS_MOVE = YES;
				CLANG_WARN_UNGUARDED_AVAILABILITY = YES_AGGRESSIVE;
				CLANG_WARN_UNREACHABLE_CODE = YES;
				CLANG_WARN__DUPLICATE_METHOD_MATCH = YES;
				COPY_PHASE_STRIP = NO;
				DEBUG_INFORMATION_FORMAT = dwarf;
				ENABLE_STRICT_OBJC_MSGSEND = YES;
				ENABLE_TESTABILITY = YES;
				GCC_C_LANGUAGE_STANDARD = gnu11;
				GCC_DYNAMIC_NO_PIC = NO;
				GCC_NO_COMMON_BLOCKS = YES;
				GCC_OPTIMIZATION_LEVEL = 0;
				GCC_PREPROCESSOR_DEFINITIONS = (
					"DEBUG=1",
					"$(inherited)",
				);
				GCC_WARN_64_TO_32_BIT_CONVERSION = YES;
				GCC_WARN_ABOUT_RETURN_TYPE = YES_ERROR;
				GCC_WARN_UNDECLARED_SELECTOR = YES;
				GCC_WARN_UNINITIALIZED_AUTOS = YES_AGGRESSIVE;
				GCC_WARN_UNUSED_FUNCTION = YES;
				GCC_WARN_UNUSED_VARIABLE = YES;
				IPHONEOS_DEPLOYMENT_TARGET = 15.2;
				MTL_ENABLE_DEBUG_INFO = INCLUDE_SOURCE;
				MTL_FAST_MATH = YES;
				ONLY_ACTIVE_ARCH = YES;
				SDKROOT = iphoneos;
			};
			name = Debug;
		};
		83DEE1022783E0E100325C63 /* Release */ = {
			isa = XCBuildConfiguration;
			buildSettings = {
				ALWAYS_SEARCH_USER_PATHS = NO;
				CLANG_ANALYZER_NONNULL = YES;
				CLANG_ANALYZER_NUMBER_OBJECT_CONVERSION = YES_AGGRESSIVE;
				CLANG_CXX_LANGUAGE_STANDARD = "gnu++17";
				CLANG_CXX_LIBRARY = "libc++";
				CLANG_ENABLE_MODULES = YES;
				CLANG_ENABLE_OBJC_ARC = YES;
				CLANG_ENABLE_OBJC_WEAK = YES;
				CLANG_WARN_BLOCK_CAPTURE_AUTORELEASING = YES;
				CLANG_WARN_BOOL_CONVERSION = YES;
				CLANG_WARN_COMMA = YES;
				CLANG_WARN_CONSTANT_CONVERSION = YES;
				CLANG_WARN_DEPRECATED_OBJC_IMPLEMENTATIONS = YES;
				CLANG_WARN_DIRECT_OBJC_ISA_USAGE = YES_ERROR;
				CLANG_WARN_DOCUMENTATION_COMMENTS = YES;
				CLANG_WARN_EMPTY_BODY = YES;
				CLANG_WARN_ENUM_CONVERSION = YES;
				CLANG_WARN_INFINITE_RECURSION = YES;
				CLANG_WARN_INT_CONVERSION = YES;
				CLANG_WARN_NON_LITERAL_NULL_CONVERSION = YES;
				CLANG_WARN_OBJC_IMPLICIT_RETAIN_SELF = YES;
				CLANG_WARN_OBJC_LITERAL_CONVERSION = YES;
				CLANG_WARN_OBJC_ROOT_CLASS = YES_ERROR;
				CLANG_WARN_QUOTED_INCLUDE_IN_FRAMEWORK_HEADER = YES;
				CLANG_WARN_RANGE_LOOP_ANALYSIS = YES;
				CLANG_WARN_STRICT_PROTOTYPES = YES;
				CLANG_WARN_SUSPICIOUS_MOVE = YES;
				CLANG_WARN_UNGUARDED_AVAILABILITY = YES_AGGRESSIVE;
				CLANG_WARN_UNREACHABLE_CODE = YES;
				CLANG_WARN__DUPLICATE_METHOD_MATCH = YES;
				COPY_PHASE_STRIP = NO;
				DEBUG_INFORMATION_FORMAT = "dwarf-with-dsym";
				ENABLE_NS_ASSERTIONS = NO;
				ENABLE_STRICT_OBJC_MSGSEND = YES;
				GCC_C_LANGUAGE_STANDARD = gnu11;
				GCC_NO_COMMON_BLOCKS = YES;
				GCC_WARN_64_TO_32_BIT_CONVERSION = YES;
				GCC_WARN_ABOUT_RETURN_TYPE = YES_ERROR;
				GCC_WARN_UNDECLARED_SELECTOR = YES;
				GCC_WARN_UNINITIALIZED_AUTOS = YES_AGGRESSIVE;
				GCC_WARN_UNUSED_FUNCTION = YES;
				GCC_WARN_UNUSED_VARIABLE = YES;
				IPHONEOS_DEPLOYMENT_TARGET = 15.2;
				MTL_ENABLE_DEBUG_INFO = NO;
				MTL_FAST_MATH = YES;
				SDKROOT = iphoneos;
				VALIDATE_PRODUCT = YES;
			};
			name = Release;
		};
		83DEE1042783E0E100325C63 /* Debug */ = {
			isa = XCBuildConfiguration;
			baseConfigurationReference = A208328E7890B25DE20E7223 /* Pods-CocoaPodsSubmodule.debug.xcconfig */;
			buildSettings = {
				ASSETCATALOG_COMPILER_APPICON_NAME = AppIcon;
				ASSETCATALOG_COMPILER_GLOBAL_ACCENT_COLOR_NAME = AccentColor;
				CODE_SIGN_STYLE = Automatic;
				CURRENT_PROJECT_VERSION = 1;
				GENERATE_INFOPLIST_FILE = YES;
				INFOPLIST_FILE = CocoaPodsSubmodule/Info.plist;
				INFOPLIST_KEY_UIApplicationSupportsIndirectInputEvents = YES;
				INFOPLIST_KEY_UILaunchStoryboardName = LaunchScreen;
				INFOPLIST_KEY_UIMainStoryboardFile = Main;
				INFOPLIST_KEY_UISupportedInterfaceOrientations_iPad = "UIInterfaceOrientationPortrait UIInterfaceOrientationPortraitUpsideDown UIInterfaceOrientationLandscapeLeft UIInterfaceOrientationLandscapeRight";
				INFOPLIST_KEY_UISupportedInterfaceOrientations_iPhone = "UIInterfaceOrientationPortrait UIInterfaceOrientationLandscapeLeft UIInterfaceOrientationLandscapeRight";
				LD_RUNPATH_SEARCH_PATHS = (
					"$(inherited)",
					"@executable_path/Frameworks",
				);
				MARKETING_VERSION = 1.0;
				PRODUCT_BUNDLE_IDENTIFIER = dev.expo.kudo.CocoaPodsSubmodule;
				PRODUCT_NAME = "$(TARGET_NAME)";
				SWIFT_EMIT_LOC_STRINGS = YES;
				TARGETED_DEVICE_FAMILY = "1,2";
			};
			name = Debug;
		};
		83DEE1052783E0E100325C63 /* Release */ = {
			isa = XCBuildConfiguration;
			baseConfigurationReference = 80E6DDEE7A10E49421003874 /* Pods-CocoaPodsSubmodule.release.xcconfig */;
			buildSettings = {
				ASSETCATALOG_COMPILER_APPICON_NAME = AppIcon;
				ASSETCATALOG_COMPILER_GLOBAL_ACCENT_COLOR_NAME = AccentColor;
				CODE_SIGN_STYLE = Automatic;
				CURRENT_PROJECT_VERSION = 1;
				GENERATE_INFOPLIST_FILE = YES;
				INFOPLIST_FILE = CocoaPodsSubmodule/Info.plist;
				INFOPLIST_KEY_UIApplicationSupportsIndirectInputEvents = YES;
				INFOPLIST_KEY_UILaunchStoryboardName = LaunchScreen;
				INFOPLIST_KEY_UIMainStoryboardFile = Main;
				INFOPLIST_KEY_UISupportedInterfaceOrientations_iPad = "UIInterfaceOrientationPortrait UIInterfaceOrientationPortraitUpsideDown UIInterfaceOrientationLandscapeLeft UIInterfaceOrientationLandscapeRight";
				INFOPLIST_KEY_UISupportedInterfaceOrientations_iPhone = "UIInterfaceOrientationPortrait UIInterfaceOrientationLandscapeLeft UIInterfaceOrientationLandscapeRight";
				LD_RUNPATH_SEARCH_PATHS = (
					"$(inherited)",
					"@executable_path/Frameworks",
				);
				MARKETING_VERSION = 1.0;
				PRODUCT_BUNDLE_IDENTIFIER = dev.expo.kudo.CocoaPodsSubmodule;
				PRODUCT_NAME = "$(TARGET_NAME)";
				SWIFT_EMIT_LOC_STRINGS = YES;
				TARGETED_DEVICE_FAMILY = "1,2";
			};
			name = Release;
		};
/* End XCBuildConfiguration section */

/* Begin XCConfigurationList section */
		83DEE0E52783E0E000325C63 /* Build configuration list for PBXProject "CocoaPodsSubmodule" */ = {
			isa = XCConfigurationList;
			buildConfigurations = (
				83DEE1012783E0E100325C63 /* Debug */,
				83DEE1022783E0E100325C63 /* Release */,
			);
			defaultConfigurationIsVisible = 0;
			defaultConfigurationName = Release;
		};
		83DEE1032783E0E100325C63 /* Build configuration list for PBXNativeTarget "CocoaPodsSubmodule" */ = {
			isa = XCConfigurationList;
			buildConfigurations = (
				83DEE1042783E0E100325C63 /* Debug */,
				83DEE1052783E0E100325C63 /* Release */,
			);
			defaultConfigurationIsVisible = 0;
			defaultConfigurationName = Release;
		};
/* End XCConfigurationList section */
	};
	rootObject = 83DEE0E22783E0E000325C63 /* Project object */;
}
